
Microsoft Visual Studio Solution File, Format Version 12.00
# Visual Studio 15
VisualStudioVersion = 15.0.28307.1525
MinimumVisualStudioVersion = 10.0.40219.1
Project("{9A19103F-16F7-4668-BE54-9A1E7A4F7556}") = "ERP.API", "ERP.API\ERP.API.csproj", "{439009D7-58C8-4C5C-BD57-DDEABDA8BA39}"
EndProject
Project("{9A19103F-16F7-4668-BE54-9A1E7A4F7556}") = "ERP.Data", "ERP.Data\ERP.Data.csproj", "{83DFE3C9-BEC4-45EB-B5F9-A979334FDC49}"
EndProject
Project("{9A19103F-16F7-4668-BE54-9A1E7A4F7556}") = "ERP.DataAccess", "ERP.DataAccess\ERP.DataAccess.csproj", "{9A126911-8BA8-499E-B62D-F83F284508AB}"
EndProject
Project("{9A19103F-16F7-4668-BE54-9A1E7A4F7556}") = "ERP.Services", "ERP.Services\ERP.Services.csproj", "{E44C1F52-B4AB-4815-94A1-E133F34CE979}"
EndProject
Global
	GlobalSection(SolutionConfigurationPlatforms) = preSolution
		Debug|Any CPU = Debug|Any CPU
		Release|Any CPU = Release|Any CPU
	EndGlobalSection
	GlobalSection(ProjectConfigurationPlatforms) = postSolution
		{439009D7-58C8-4C5C-BD57-DDEABDA8BA39}.Debug|Any CPU.ActiveCfg = Debug|Any CPU
		{439009D7-58C8-4C5C-BD57-DDEABDA8BA39}.Debug|Any CPU.Build.0 = Debug|Any CPU
		{439009D7-58C8-4C5C-BD57-DDEABDA8BA39}.Release|Any CPU.ActiveCfg = Release|Any CPU
		{439009D7-58C8-4C5C-BD57-DDEABDA8BA39}.Release|Any CPU.Build.0 = Release|Any CPU
		{83DFE3C9-BEC4-45EB-B5F9-A979334FDC49}.Debug|Any CPU.ActiveCfg = Debug|Any CPU
		{83DFE3C9-BEC4-45EB-B5F9-A979334FDC49}.Debug|Any CPU.Build.0 = Debug|Any CPU
		{83DFE3C9-BEC4-45EB-B5F9-A979334FDC49}.Release|Any CPU.ActiveCfg = Release|Any CPU
		{83DFE3C9-BEC4-45EB-B5F9-A979334FDC49}.Release|Any CPU.Build.0 = Release|Any CPU
		{9A126911-8BA8-499E-B62D-F83F284508AB}.Debug|Any CPU.ActiveCfg = Debug|Any CPU
		{9A126911-8BA8-499E-B62D-F83F284508AB}.Debug|Any CPU.Build.0 = Debug|Any CPU
		{9A126911-8BA8-499E-B62D-F83F284508AB}.Release|Any CPU.ActiveCfg = Release|Any CPU
		{9A126911-8BA8-499E-B62D-F83F284508AB}.Release|Any CPU.Build.0 = Release|Any CPU
		{E44C1F52-B4AB-4815-94A1-E133F34CE979}.Debug|Any CPU.ActiveCfg = Debug|Any CPU
		{E44C1F52-B4AB-4815-94A1-E133F34CE979}.Debug|Any CPU.Build.0 = Debug|Any CPU
		{E44C1F52-B4AB-4815-94A1-E133F34CE979}.Release|Any CPU.ActiveCfg = Release|Any CPU
		{E44C1F52-B4AB-4815-94A1-E133F34CE979}.Release|Any CPU.Build.0 = Release|Any CPU
	EndGlobalSection
	GlobalSection(SolutionProperties) = preSolution
		HideSolutionNode = FALSE
	EndGlobalSection
	GlobalSection(ExtensibilityGlobals) = postSolution
		SolutionGuid = {82840FC2-30F5-4E58-AA0B-5C0138F079D3}
	EndGlobalSection
	GlobalSection(TeamFoundationVersionControl) = preSolution
		SccNumberOfProjects = 5
		SccEnterpriseProvider = {4CA58AB2-18FA-4F8D-95D4-32DDF27D184C}
		SccTeamFoundationServer = https://dev.azure.com/muneebahmedmughal
		SccProjectUniqueName0 = ERP.API\\ERP.API.csproj
		SccProjectName0 = ERP.API
		SccLocalPath0 = ERP.API
		SccLocalPath1 = .
		SccProjectUniqueName2 = ERP.Data\\ERP.Data.csproj
		SccProjectName2 = ERP.Data
		SccLocalPath2 = ERP.Data
		SccProjectUniqueName3 = ERP.DataAccess\\ERP.DataAccess.csproj
		SccProjectName3 = ERP.DataAccess
		SccLocalPath3 = ERP.DataAccess
		SccProjectUniqueName4 = ERP.Services\\ERP.Services.csproj
		SccProjectName4 = ERP.Services
		SccLocalPath4 = ERP.Services
	EndGlobalSection
EndGlobal
